// !$*UTF8*$!
{
	archiveVersion = 1;
	classes = {
	};
	objectVersion = 46;
	objects = {

/* Begin PBXBuildFile section */
		FED77670177707C1004ECA85 /* UIKit.framework in Frameworks */ = {isa = PBXBuildFile; fileRef = FED7766F177707C1004ECA85 /* UIKit.framework */; };
		FED77672177707C1004ECA85 /* Foundation.framework in Frameworks */ = {isa = PBXBuildFile; fileRef = FED77671177707C1004ECA85 /* Foundation.framework */; };
		FED77674177707C1004ECA85 /* CoreGraphics.framework in Frameworks */ = {isa = PBXBuildFile; fileRef = FED77673177707C1004ECA85 /* CoreGraphics.framework */; };
		FED7767A177707C1004ECA85 /* InfoPlist.strings in Resources */ = {isa = PBXBuildFile; fileRef = FED77678177707C1004ECA85 /* InfoPlist.strings */; };
		FED7767C177707C1004ECA85 /* main.m in Sources */ = {isa = PBXBuildFile; fileRef = FED7767B177707C1004ECA85 /* main.m */; };
		FED77680177707C1004ECA85 /* AppDelegate.m in Sources */ = {isa = PBXBuildFile; fileRef = FED7767F177707C1004ECA85 /* AppDelegate.m */; };
		FED77682177707C1004ECA85 /* Default.png in Resources */ = {isa = PBXBuildFile; fileRef = FED77681177707C1004ECA85 /* Default.png */; };
		FED77684177707C1004ECA85 /* Default@2x.png in Resources */ = {isa = PBXBuildFile; fileRef = FED77683177707C1004ECA85 /* Default@2x.png */; };
		FED77686177707C1004ECA85 /* Default-568h@2x.png in Resources */ = {isa = PBXBuildFile; fileRef = FED77685177707C1004ECA85 /* Default-568h@2x.png */; };
		FED77689177707C1004ECA85 /* ViewController.m in Sources */ = {isa = PBXBuildFile; fileRef = FED77688177707C1004ECA85 /* ViewController.m */; };
		FED7768C177707C1004ECA85 /* ViewController.xib in Resources */ = {isa = PBXBuildFile; fileRef = FED7768A177707C1004ECA85 /* ViewController.xib */; };
		FED776931777080B004ECA85 /* Accounts.framework in Frameworks */ = {isa = PBXBuildFile; fileRef = FED776921777080B004ECA85 /* Accounts.framework */; };
		FED7769517770815004ECA85 /* Social.framework in Frameworks */ = {isa = PBXBuildFile; fileRef = FED7769417770815004ECA85 /* Social.framework */; };
		FED776971777081F004ECA85 /* Twitter.framework in Frameworks */ = {isa = PBXBuildFile; fileRef = FED776961777081E004ECA85 /* Twitter.framework */; };
		FED7769A17770886004ECA85 /* TwitterConnection.m in Sources */ = {isa = PBXBuildFile; fileRef = FED7769917770886004ECA85 /* TwitterConnection.m */; };
		FED7769D177708AF004ECA85 /* Tweet.m in Sources */ = {isa = PBXBuildFile; fileRef = FED7769C177708AF004ECA85 /* Tweet.m */; };
/* End PBXBuildFile section */

/* Begin PBXFileReference section */
		FED7766C177707C1004ECA85 /* twitterfriend.app */ = {isa = PBXFileReference; explicitFileType = wrapper.application; includeInIndex = 0; path = twitterfriend.app; sourceTree = BUILT_PRODUCTS_DIR; };
		FED7766F177707C1004ECA85 /* UIKit.framework */ = {isa = PBXFileReference; lastKnownFileType = wrapper.framework; name = UIKit.framework; path = System/Library/Frameworks/UIKit.framework; sourceTree = SDKROOT; };
		FED77671177707C1004ECA85 /* Foundation.framework */ = {isa = PBXFileReference; lastKnownFileType = wrapper.framework; name = Foundation.framework; path = System/Library/Frameworks/Foundation.framework; sourceTree = SDKROOT; };
		FED77673177707C1004ECA85 /* CoreGraphics.framework */ = {isa = PBXFileReference; lastKnownFileType = wrapper.framework; name = CoreGraphics.framework; path = System/Library/Frameworks/CoreGraphics.framework; sourceTree = SDKROOT; };
		FED77677177707C1004ECA85 /* twitterfriend-Info.plist */ = {isa = PBXFileReference; lastKnownFileType = text.plist.xml; path = "twitterfriend-Info.plist"; sourceTree = "<group>"; };
		FED77679177707C1004ECA85 /* en */ = {isa = PBXFileReference; lastKnownFileType = text.plist.strings; name = en; path = en.lproj/InfoPlist.strings; sourceTree = "<group>"; };
		FED7767B177707C1004ECA85 /* main.m */ = {isa = PBXFileReference; lastKnownFileType = sourcecode.c.objc; path = main.m; sourceTree = "<group>"; };
		FED7767D177707C1004ECA85 /* twitterfriend-Prefix.pch */ = {isa = PBXFileReference; lastKnownFileType = sourcecode.c.h; path = "twitterfriend-Prefix.pch"; sourceTree = "<group>"; };
		FED7767E177707C1004ECA85 /* AppDelegate.h */ = {isa = PBXFileReference; lastKnownFileType = sourcecode.c.h; path = AppDelegate.h; sourceTree = "<group>"; };
		FED7767F177707C1004ECA85 /* AppDelegate.m */ = {isa = PBXFileReference; lastKnownFileType = sourcecode.c.objc; path = AppDelegate.m; sourceTree = "<group>"; };
		FED77681177707C1004ECA85 /* Default.png */ = {isa = PBXFileReference; lastKnownFileType = image.png; path = Default.png; sourceTree = "<group>"; };
		FED77683177707C1004ECA85 /* Default@2x.png */ = {isa = PBXFileReference; lastKnownFileType = image.png; path = "Default@2x.png"; sourceTree = "<group>"; };
		FED77685177707C1004ECA85 /* Default-568h@2x.png */ = {isa = PBXFileReference; lastKnownFileType = image.png; path = "Default-568h@2x.png"; sourceTree = "<group>"; };
		FED77687177707C1004ECA85 /* ViewController.h */ = {isa = PBXFileReference; lastKnownFileType = sourcecode.c.h; path = ViewController.h; sourceTree = "<group>"; };
		FED77688177707C1004ECA85 /* ViewController.m */ = {isa = PBXFileReference; lastKnownFileType = sourcecode.c.objc; path = ViewController.m; sourceTree = "<group>"; };
		FED7768B177707C1004ECA85 /* en */ = {isa = PBXFileReference; lastKnownFileType = file.xib; name = en; path = en.lproj/ViewController.xib; sourceTree = "<group>"; };
		FED776921777080B004ECA85 /* Accounts.framework */ = {isa = PBXFileReference; lastKnownFileType = wrapper.framework; name = Accounts.framework; path = System/Library/Frameworks/Accounts.framework; sourceTree = SDKROOT; };
		FED7769417770815004ECA85 /* Social.framework */ = {isa = PBXFileReference; lastKnownFileType = wrapper.framework; name = Social.framework; path = System/Library/Frameworks/Social.framework; sourceTree = SDKROOT; };
		FED776961777081E004ECA85 /* Twitter.framework */ = {isa = PBXFileReference; lastKnownFileType = wrapper.framework; name = Twitter.framework; path = System/Library/Frameworks/Twitter.framework; sourceTree = SDKROOT; };
		FED7769817770886004ECA85 /* TwitterConnection.h */ = {isa = PBXFileReference; fileEncoding = 4; lastKnownFileType = sourcecode.c.h; path = TwitterConnection.h; sourceTree = "<group>"; };
		FED7769917770886004ECA85 /* TwitterConnection.m */ = {isa = PBXFileReference; fileEncoding = 4; lastKnownFileType = sourcecode.c.objc; path = TwitterConnection.m; sourceTree = "<group>"; };
		FED7769B177708AF004ECA85 /* Tweet.h */ = {isa = PBXFileReference; fileEncoding = 4; lastKnownFileType = sourcecode.c.h; path = Tweet.h; sourceTree = "<group>"; };
		FED7769C177708AF004ECA85 /* Tweet.m */ = {isa = PBXFileReference; fileEncoding = 4; lastKnownFileType = sourcecode.c.objc; path = Tweet.m; sourceTree = "<group>"; };
/* End PBXFileReference section */

/* Begin PBXFrameworksBuildPhase section */
		FED77669177707C1004ECA85 /* Frameworks */ = {
			isa = PBXFrameworksBuildPhase;
			buildActionMask = 2147483647;
			files = (
				FED776971777081F004ECA85 /* Twitter.framework in Frameworks */,
				FED7769517770815004ECA85 /* Social.framework in Frameworks */,
				FED776931777080B004ECA85 /* Accounts.framework in Frameworks */,
				FED77670177707C1004ECA85 /* UIKit.framework in Frameworks */,
				FED77672177707C1004ECA85 /* Foundation.framework in Frameworks */,
				FED77674177707C1004ECA85 /* CoreGraphics.framework in Frameworks */,
			);
			runOnlyForDeploymentPostprocessing = 0;
		};
/* End PBXFrameworksBuildPhase section */

/* Begin PBXGroup section */
		FED77663177707C1004ECA85 = {
			isa = PBXGroup;
			children = (
				FED776961777081E004ECA85 /* Twitter.framework */,
				FED7769417770815004ECA85 /* Social.framework */,
				FED776921777080B004ECA85 /* Accounts.framework */,
				FED77675177707C1004ECA85 /* twitterfriend */,
				FED7766E177707C1004ECA85 /* Frameworks */,
				FED7766D177707C1004ECA85 /* Products */,
			);
			sourceTree = "<group>";
		};
		FED7766D177707C1004ECA85 /* Products */ = {
			isa = PBXGroup;
			children = (
				FED7766C177707C1004ECA85 /* twitterfriend.app */,
			);
			name = Products;
			sourceTree = "<group>";
		};
		FED7766E177707C1004ECA85 /* Frameworks */ = {
			isa = PBXGroup;
			children = (
				FED7766F177707C1004ECA85 /* UIKit.framework */,
				FED77671177707C1004ECA85 /* Foundation.framework */,
				FED77673177707C1004ECA85 /* CoreGraphics.framework */,
			);
			name = Frameworks;
			sourceTree = "<group>";
		};
		FED77675177707C1004ECA85 /* twitterfriend */ = {
			isa = PBXGroup;
			children = (
				FED7769817770886004ECA85 /* TwitterConnection.h */,
				FED7769917770886004ECA85 /* TwitterConnection.m */,
				FED7769B177708AF004ECA85 /* Tweet.h */,
				FED7769C177708AF004ECA85 /* Tweet.m */,
				FED7767E177707C1004ECA85 /* AppDelegate.h */,
				FED7767F177707C1004ECA85 /* AppDelegate.m */,
				FED77687177707C1004ECA85 /* ViewController.h */,
				FED77688177707C1004ECA85 /* ViewController.m */,
				FED7768A177707C1004ECA85 /* ViewController.xib */,
				FED77676177707C1004ECA85 /* Supporting Files */,
			);
			path = twitterfriend;
			sourceTree = "<group>";
		};
		FED77676177707C1004ECA85 /* Supporting Files */ = {
			isa = PBXGroup;
			children = (
				FED77677177707C1004ECA85 /* twitterfriend-Info.plist */,
				FED77678177707C1004ECA85 /* InfoPlist.strings */,
				FED7767B177707C1004ECA85 /* main.m */,
				FED7767D177707C1004ECA85 /* twitterfriend-Prefix.pch */,
				FED77681177707C1004ECA85 /* Default.png */,
				FED77683177707C1004ECA85 /* Default@2x.png */,
				FED77685177707C1004ECA85 /* Default-568h@2x.png */,
			);
			name = "Supporting Files";
			sourceTree = "<group>";
		};
/* End PBXGroup section */

/* Begin PBXNativeTarget section */
		FED7766B177707C1004ECA85 /* twitterfriend */ = {
			isa = PBXNativeTarget;
			buildConfigurationList = FED7768F177707C1004ECA85 /* Build configuration list for PBXNativeTarget "twitterfriend" */;
			buildPhases = (
				FED77668177707C1004ECA85 /* Sources */,
				FED77669177707C1004ECA85 /* Frameworks */,
				FED7766A177707C1004ECA85 /* Resources */,
			);
			buildRules = (
			);
			dependencies = (
			);
			name = twitterfriend;
			productName = twitterfriend;
			productReference = FED7766C177707C1004ECA85 /* twitterfriend.app */;
			productType = "com.apple.product-type.application";
		};
/* End PBXNativeTarget section */

/* Begin PBXProject section */
		FED77664177707C1004ECA85 /* Project object */ = {
			isa = PBXProject;
			attributes = {
				LastUpgradeCheck = 0460;
				ORGANIZATIONNAME = "saurabh sindhu";
			};
			buildConfigurationList = FED77667177707C1004ECA85 /* Build configuration list for PBXProject "twitterfriend" */;
			compatibilityVersion = "Xcode 3.2";
			developmentRegion = English;
			hasScannedForEncodings = 0;
			knownRegions = (
				en,
			);
			mainGroup = FED77663177707C1004ECA85;
			productRefGroup = FED7766D177707C1004ECA85 /* Products */;
			projectDirPath = "";
			projectRoot = "";
			targets = (
				FED7766B177707C1004ECA85 /* twitterfriend */,
			);
		};
/* End PBXProject section */

/* Begin PBXResourcesBuildPhase section */
		FED7766A177707C1004ECA85 /* Resources */ = {
			isa = PBXResourcesBuildPhase;
			buildActionMask = 2147483647;
			files = (
				FED7767A177707C1004ECA85 /* InfoPlist.strings in Resources */,
				FED77682177707C1004ECA85 /* Default.png in Resources */,
				FED77684177707C1004ECA85 /* Default@2x.png in Resources */,
				FED77686177707C1004ECA85 /* Default-568h@2x.png in Resources */,
				FED7768C177707C1004ECA85 /* ViewController.xib in Resources */,
			);
			runOnlyForDeploymentPostprocessing = 0;
		};
/* End PBXResourcesBuildPhase section */

/* Begin PBXSourcesBuildPhase section */
		FED77668177707C1004ECA85 /* Sources */ = {
			isa = PBXSourcesBuildPhase;
			buildActionMask = 2147483647;
			files = (
				FED7767C177707C1004ECA85 /* main.m in Sources */,
				FED77680177707C1004ECA85 /* AppDelegate.m in Sources */,
				FED77689177707C1004ECA85 /* ViewController.m in Sources */,
				FED7769A17770886004ECA85 /* TwitterConnection.m in Sources */,
				FED7769D177708AF004ECA85 /* Tweet.m in Sources */,
			);
			runOnlyForDeploymentPostprocessing = 0;
		};
/* End PBXSourcesBuildPhase section */

/* Begin PBXVariantGroup section */
		FED77678177707C1004ECA85 /* InfoPlist.strings */ = {
			isa = PBXVariantGroup;
			children = (
				FED77679177707C1004ECA85 /* en */,
			);
			name = InfoPlist.strings;
			sourceTree = "<group>";
		};
		FED7768A177707C1004ECA85 /* ViewController.xib */ = {
			isa = PBXVariantGroup;
			children = (
				FED7768B177707C1004ECA85 /* en */,
			);
			name = ViewController.xib;
			sourceTree = "<group>";
		};
/* End PBXVariantGroup section */

/* Begin XCBuildConfiguration section */
		FED7768D177707C1004ECA85 /* Debug */ = {
			isa = XCBuildConfiguration;
			buildSettings = {
				ALWAYS_SEARCH_USER_PATHS = NO;
				CLANG_CXX_LANGUAGE_STANDARD = "gnu++0x";
				CLANG_CXX_LIBRARY = "libc++";
				CLANG_WARN_CONSTANT_CONVERSION = YES;
				CLANG_WARN_EMPTY_BODY = YES;
				CLANG_WARN_ENUM_CONVERSION = YES;
				CLANG_WARN_INT_CONVERSION = YES;
				CLANG_WARN__DUPLICATE_METHOD_MATCH = YES;
				"CODE_SIGN_IDENTITY[sdk=iphoneos*]" = "iPhone Developer";
				COPY_PHASE_STRIP = NO;
				GCC_C_LANGUAGE_STANDARD = gnu99;
				GCC_DYNAMIC_NO_PIC = NO;
				GCC_OPTIMIZATION_LEVEL = 0;
				GCC_PREPROCESSOR_DEFINITIONS = (
					"DEBUG=1",
					"$(inherited)",
				);
				GCC_SYMBOLS_PRIVATE_EXTERN = NO;
				GCC_WARN_ABOUT_RETURN_TYPE = YES;
				GCC_WARN_UNINITIALIZED_AUTOS = YES;
				GCC_WARN_UNUSED_VARIABLE = YES;
				IPHONEOS_DEPLOYMENT_TARGET = 6.1;
				ONLY_ACTIVE_ARCH = YES;
				SDKROOT = iphoneos;
			};
			name = Debug;
		};
		FED7768E177707C1004ECA85 /* Release */ = {
			isa = XCBuildConfiguration;
			buildSettings = {
				ALWAYS_SEARCH_USER_PATHS = NO;
				CLANG_CXX_LANGUAGE_STANDARD = "gnu++0x";
				CLANG_CXX_LIBRARY = "libc++";
				CLANG_WARN_CONSTANT_CONVERSION = YES;
				CLANG_WARN_EMPTY_BODY = YES;
				CLANG_WARN_ENUM_CONVERSION = YES;
				CLANG_WARN_INT_CONVERSION = YES;
				CLANG_WARN__DUPLICATE_METHOD_MATCH = YES;
				"CODE_SIGN_IDENTITY[sdk=iphoneos*]" = "iPhone Developer";
				COPY_PHASE_STRIP = YES;
				GCC_C_LANGUAGE_STANDARD = gnu99;
				GCC_WARN_ABOUT_RETURN_TYPE = YES;
				GCC_WARN_UNINITIALIZED_AUTOS = YES;
				GCC_WARN_UNUSED_VARIABLE = YES;
				IPHONEOS_DEPLOYMENT_TARGET = 6.1;
				OTHER_CFLAGS = "-DNS_BLOCK_ASSERTIONS=1";
				SDKROOT = iphoneos;
				VALIDATE_PRODUCT = YES;
			};
			name = Release;
		};
		FED77690177707C1004ECA85 /* Debug */ = {
			isa = XCBuildConfiguration;
			buildSettings = {
				GCC_PRECOMPILE_PREFIX_HEADER = YES;
				GCC_PREFIX_HEADER = "twitterfriend/twitterfriend-Prefix.pch";
				INFOPLIST_FILE = "twitterfriend/twitterfriend-Info.plist";
				PRODUCT_NAME = "$(TARGET_NAME)";
				WRAPPER_EXTENSION = app;
			};
			name = Debug;
		};
		FED77691177707C1004ECA85 /* Release */ = {
			isa = XCBuildConfiguration;
			buildSettings = {
				GCC_PRECOMPILE_PREFIX_HEADER = YES;
				GCC_PREFIX_HEADER = "twitterfriend/twitterfriend-Prefix.pch";
				INFOPLIST_FILE = "twitterfriend/twitterfriend-Info.plist";
				PRODUCT_NAME = "$(TARGET_NAME)";
				WRAPPER_EXTENSION = app;
			};
			name = Release;
		};
/* End XCBuildConfiguration section */

/* Begin XCConfigurationList section */
		FED77667177707C1004ECA85 /* Build configuration list for PBXProject "twitterfriend" */ = {
			isa = XCConfigurationList;
			buildConfigurations = (
				FED7768D177707C1004ECA85 /* Debug */,
				FED7768E177707C1004ECA85 /* Release */,
			);
			defaultConfigurationIsVisible = 0;
			defaultConfigurationName = Release;
		};
		FED7768F177707C1004ECA85 /* Build configuration list for PBXNativeTarget "twitterfriend" */ = {
			isa = XCConfigurationList;
			buildConfigurations = (
				FED77690177707C1004ECA85 /* Debug */,
				FED77691177707C1004ECA85 /* Release */,
			);
			defaultConfigurationIsVisible = 0;
		};
/* End XCConfigurationList section */
	};
	rootObject = FED77664177707C1004ECA85 /* Project object */;
}
